
Microsoft Visual Studio Solution File, Format Version 12.00
# Visual Studio 15
Project("{FAE04EC0-301F-11D3-BF4B-00C04F79EFBC}") = "Converter", "Converter\Converter.csproj", "{773E72C6-4477-401F-A331-416B8113AAFE}"
EndProject
Global
	GlobalSection(SolutionConfigurationPlatforms) = preSolution
		Debug|x86 = Debug|x86
		Release|x86 = Release|x86
	EndGlobalSection
	GlobalSection(ProjectConfigurationPlatforms) = postSolution
		{773E72C6-4477-401F-A331-416B8113AAFE}.Debug|x86.ActiveCfg = Debug|x86
		{773E72C6-4477-401F-A331-416B8113AAFE}.Debug|x86.Build.0 = Debug|x86
		{773E72C6-4477-401F-A331-416B8113AAFE}.Release|x86.ActiveCfg = Release|x86
		{773E72C6-4477-401F-A331-416B8113AAFE}.Release|x86.Build.0 = Release|x86
	EndGlobalSection
EndGlobal
